
Microsoft Visual Studio Solution File, Format Version 12.00
# Visual Studio Version 16
VisualStudioVersion = 16.0.30717.126
MinimumVisualStudioVersion = 10.0.40219.1
Project("{FAE04EC0-301F-11D3-BF4B-00C04F79EFBC}") = "QLTV", "QLTV\QLTV.csproj", "{3519F740-42DA-442C-9731-721C959E43A6}"
EndProject
Global
	GlobalSection(SolutionConfigurationPlatforms) = preSolution
		Debug|Any CPU = Debug|Any CPU
		Release|Any CPU = Release|Any CPU
	EndGlobalSection
	GlobalSection(ProjectConfigurationPlatforms) = postSolution
		{3519F740-42DA-442C-9731-721C959E43A6}.Debug|Any CPU.ActiveCfg = Debug|Any CPU
		{3519F740-42DA-442C-9731-721C959E43A6}.Debug|Any CPU.Build.0 = Debug|Any CPU
		{3519F740-42DA-442C-9731-721C959E43A6}.Release|Any CPU.ActiveCfg = Release|Any CPU
		{3519F740-42DA-442C-9731-721C959E43A6}.Release|Any CPU.Build.0 = Release|Any CPU
	EndGlobalSection
	GlobalSection(SolutionProperties) = preSolution
		HideSolutionNode = FALSE
	EndGlobalSection
	GlobalSection(ExtensibilityGlobals) = postSolution
		SolutionGuid = {6BE1652B-AF69-4DC3-B14C-9FF3F5F35AB2}
	EndGlobalSection
EndGlobal
