
Microsoft Visual Studio Solution File, Format Version 12.00
# Visual Studio Version 16
VisualStudioVersion = 16.0.31129.286
MinimumVisualStudioVersion = 10.0.40219.1
Project("{FAE04EC0-301F-11D3-BF4B-00C04F79EFBC}") = "QLThuVien", "QLThuVien\QLThuVien.csproj", "{AB4A8B07-8B93-40A9-95F3-D2958095F4FA}"
EndProject
Global
	GlobalSection(SolutionConfigurationPlatforms) = preSolution
		Debug|Any CPU = Debug|Any CPU
		Release|Any CPU = Release|Any CPU
	EndGlobalSection
	GlobalSection(ProjectConfigurationPlatforms) = postSolution
		{AB4A8B07-8B93-40A9-95F3-D2958095F4FA}.Debug|Any CPU.ActiveCfg = Debug|Any CPU
		{AB4A8B07-8B93-40A9-95F3-D2958095F4FA}.Debug|Any CPU.Build.0 = Debug|Any CPU
		{AB4A8B07-8B93-40A9-95F3-D2958095F4FA}.Release|Any CPU.ActiveCfg = Release|Any CPU
		{AB4A8B07-8B93-40A9-95F3-D2958095F4FA}.Release|Any CPU.Build.0 = Release|Any CPU
	EndGlobalSection
	GlobalSection(SolutionProperties) = preSolution
		HideSolutionNode = FALSE
	EndGlobalSection
	GlobalSection(ExtensibilityGlobals) = postSolution
		SolutionGuid = {141B5F9E-AD6B-41CA-B513-6FAD7698F678}
	EndGlobalSection
EndGlobal
